
Microsoft Visual Studio Solution File, Format Version 12.00
# Visual Studio Version 17
VisualStudioVersion = 17.6.33815.320
MinimumVisualStudioVersion = 10.0.40219.1
Project("{FAE04EC0-301F-11D3-BF4B-00C04F79EFBC}") = "zh3_MUF3SD", "zh3_MUF3SD\zh3_MUF3SD.csproj", "{6D3B9515-C445-4BDE-9C09-45A1E5401CAB}"
EndProject
Global
	GlobalSection(SolutionConfigurationPlatforms) = preSolution
		Debug|Any CPU = Debug|Any CPU
		Release|Any CPU = Release|Any CPU
	EndGlobalSection
	GlobalSection(ProjectConfigurationPlatforms) = postSolution
		{6D3B9515-C445-4BDE-9C09-45A1E5401CAB}.Debug|Any CPU.ActiveCfg = Debug|Any CPU
		{6D3B9515-C445-4BDE-9C09-45A1E5401CAB}.Debug|Any CPU.Build.0 = Debug|Any CPU
		{6D3B9515-C445-4BDE-9C09-45A1E5401CAB}.Release|Any CPU.ActiveCfg = Release|Any CPU
		{6D3B9515-C445-4BDE-9C09-45A1E5401CAB}.Release|Any CPU.Build.0 = Release|Any CPU
	EndGlobalSection
	GlobalSection(SolutionProperties) = preSolution
		HideSolutionNode = FALSE
	EndGlobalSection
	GlobalSection(ExtensibilityGlobals) = postSolution
		SolutionGuid = {22E19D5F-FCE8-48CB-9B15-B95214F10F9B}
	EndGlobalSection
EndGlobal
